
Microsoft Visual Studio Solution File, Format Version 12.00
Project("{2150E333-8FDC-42A3-9474-1A3956D46DE8}") = "Src", "Src", "{B00E1946-198E-4DAE-9858-286AAA8D9650}"
EndProject
Project("{2150E333-8FDC-42A3-9474-1A3956D46DE8}") = "Core", "Core", "{61A54E30-E960-4C32-8A6C-1E82EC2F3A7F}"
EndProject
Project("{2150E333-8FDC-42A3-9474-1A3956D46DE8}") = "Shared", "Shared", "{F27C74B0-57E0-4F92-999E-6D79C41B5844}"
EndProject
Project("{2150E333-8FDC-42A3-9474-1A3956D46DE8}") = "Web", "Web", "{47BC07CF-9BAD-4226-B898-B976D3514C7B}"
EndProject
Project("{2150E333-8FDC-42A3-9474-1A3956D46DE8}") = "Server", "Server", "{ECD968A2-5839-4424-8DE5-D9FC6A9C3BE0}"
EndProject
Project("{2150E333-8FDC-42A3-9474-1A3956D46DE8}") = "Infrastructure", "Infrastructure", "{A95A8177-33C2-4DBA-A4F4-D6D65E69DA1D}"
EndProject
Project("{FAE04EC0-301F-11D3-BF4B-00C04F79EFBC}") = "Application", "Backend\Src\Application\Application.csproj", "{59DB5A3A-B101-4EC5-8915-D0FEC5D3A0DB}"
EndProject
Project("{FAE04EC0-301F-11D3-BF4B-00C04F79EFBC}") = "Infrastructure", "Backend\Src\Infrastructure\Infrastructure.csproj", "{EBA7BA8F-7F90-4E8A-BC90-7BED9347408A}"
EndProject
Project("{FAE04EC0-301F-11D3-BF4B-00C04F79EFBC}") = "Domain", "Backend\Src\Domain\Domain.csproj", "{26E6DC9B-878F-4DC0-9BF0-0BC7F4157C79}"
EndProject
Project("{FAE04EC0-301F-11D3-BF4B-00C04F79EFBC}") = "Shared", "Backend\Src\Shared\Shared.csproj", "{14F6AF40-F495-4759-92E4-1CCB66E8F637}"
EndProject
Project("{FAE04EC0-301F-11D3-BF4B-00C04F79EFBC}") = "Server", "Backend\Src\Server\Server.csproj", "{25BB74EC-E2C3-42CD-AC22-26F7F153F5FC}"
EndProject
Project("{2150E333-8FDC-42A3-9474-1A3956D46DE8}") = "Backend", "Backend", "{8CB6098B-8001-4C06-949D-D86394131E0D}"
EndProject
Project("{2150E333-8FDC-42A3-9474-1A3956D46DE8}") = "Frontend", "Frontend", "{216773C7-2CA0-46C0-9AEB-1DD6F4D9E3E2}"
EndProject
Project("{2150E333-8FDC-42A3-9474-1A3956D46DE8}") = "Src", "Src", "{3D8970BD-9C0D-4771-BEF6-7976FAAA28E8}"
EndProject
Project("{2150E333-8FDC-42A3-9474-1A3956D46DE8}") = "Web", "Web", "{5F3C577D-40E8-423C-82A6-2DCA587BA338}"
EndProject
Project("{2150E333-8FDC-42A3-9474-1A3956D46DE8}") = "Server", "Server", "{6406FB04-99F5-4B9F-B1D2-FC5A22A3CA18}"
EndProject
Project("{2150E333-8FDC-42A3-9474-1A3956D46DE8}") = "Client", "Client", "{3E25577C-08BC-4419-8D46-1B9F4516988B}"
EndProject
Project("{FAE04EC0-301F-11D3-BF4B-00C04F79EFBC}") = "BlazorApp1", "Frontend\Src\BlazorApp1\BlazorApp1.csproj", "{DC2B2F79-9A28-4C2C-84B3-376D72B3DA39}"
EndProject
Global
	GlobalSection(SolutionConfigurationPlatforms) = preSolution
		Debug|Any CPU = Debug|Any CPU
		Release|Any CPU = Release|Any CPU
	EndGlobalSection
	GlobalSection(NestedProjects) = preSolution
		{61A54E30-E960-4C32-8A6C-1E82EC2F3A7F} = {B00E1946-198E-4DAE-9858-286AAA8D9650}
		{F27C74B0-57E0-4F92-999E-6D79C41B5844} = {B00E1946-198E-4DAE-9858-286AAA8D9650}
		{47BC07CF-9BAD-4226-B898-B976D3514C7B} = {B00E1946-198E-4DAE-9858-286AAA8D9650}
		{ECD968A2-5839-4424-8DE5-D9FC6A9C3BE0} = {47BC07CF-9BAD-4226-B898-B976D3514C7B}
		{A95A8177-33C2-4DBA-A4F4-D6D65E69DA1D} = {B00E1946-198E-4DAE-9858-286AAA8D9650}
		{59DB5A3A-B101-4EC5-8915-D0FEC5D3A0DB} = {61A54E30-E960-4C32-8A6C-1E82EC2F3A7F}
		{EBA7BA8F-7F90-4E8A-BC90-7BED9347408A} = {A95A8177-33C2-4DBA-A4F4-D6D65E69DA1D}
		{26E6DC9B-878F-4DC0-9BF0-0BC7F4157C79} = {61A54E30-E960-4C32-8A6C-1E82EC2F3A7F}
		{14F6AF40-F495-4759-92E4-1CCB66E8F637} = {F27C74B0-57E0-4F92-999E-6D79C41B5844}
		{25BB74EC-E2C3-42CD-AC22-26F7F153F5FC} = {ECD968A2-5839-4424-8DE5-D9FC6A9C3BE0}
		{B00E1946-198E-4DAE-9858-286AAA8D9650} = {8CB6098B-8001-4C06-949D-D86394131E0D}
		{3D8970BD-9C0D-4771-BEF6-7976FAAA28E8} = {216773C7-2CA0-46C0-9AEB-1DD6F4D9E3E2}
		{5F3C577D-40E8-423C-82A6-2DCA587BA338} = {3D8970BD-9C0D-4771-BEF6-7976FAAA28E8}
		{6406FB04-99F5-4B9F-B1D2-FC5A22A3CA18} = {5F3C577D-40E8-423C-82A6-2DCA587BA338}
		{3E25577C-08BC-4419-8D46-1B9F4516988B} = {5F3C577D-40E8-423C-82A6-2DCA587BA338}
		{DC2B2F79-9A28-4C2C-84B3-376D72B3DA39} = {6406FB04-99F5-4B9F-B1D2-FC5A22A3CA18}
	EndGlobalSection
	GlobalSection(ProjectConfigurationPlatforms) = postSolution
		{59DB5A3A-B101-4EC5-8915-D0FEC5D3A0DB}.Debug|Any CPU.ActiveCfg = Debug|Any CPU
		{59DB5A3A-B101-4EC5-8915-D0FEC5D3A0DB}.Debug|Any CPU.Build.0 = Debug|Any CPU
		{59DB5A3A-B101-4EC5-8915-D0FEC5D3A0DB}.Release|Any CPU.ActiveCfg = Release|Any CPU
		{59DB5A3A-B101-4EC5-8915-D0FEC5D3A0DB}.Release|Any CPU.Build.0 = Release|Any CPU
		{EBA7BA8F-7F90-4E8A-BC90-7BED9347408A}.Debug|Any CPU.ActiveCfg = Debug|Any CPU
		{EBA7BA8F-7F90-4E8A-BC90-7BED9347408A}.Debug|Any CPU.Build.0 = Debug|Any CPU
		{EBA7BA8F-7F90-4E8A-BC90-7BED9347408A}.Release|Any CPU.ActiveCfg = Release|Any CPU
		{EBA7BA8F-7F90-4E8A-BC90-7BED9347408A}.Release|Any CPU.Build.0 = Release|Any CPU
		{26E6DC9B-878F-4DC0-9BF0-0BC7F4157C79}.Debug|Any CPU.ActiveCfg = Debug|Any CPU
		{26E6DC9B-878F-4DC0-9BF0-0BC7F4157C79}.Debug|Any CPU.Build.0 = Debug|Any CPU
		{26E6DC9B-878F-4DC0-9BF0-0BC7F4157C79}.Release|Any CPU.ActiveCfg = Release|Any CPU
		{26E6DC9B-878F-4DC0-9BF0-0BC7F4157C79}.Release|Any CPU.Build.0 = Release|Any CPU
		{14F6AF40-F495-4759-92E4-1CCB66E8F637}.Debug|Any CPU.ActiveCfg = Debug|Any CPU
		{14F6AF40-F495-4759-92E4-1CCB66E8F637}.Debug|Any CPU.Build.0 = Debug|Any CPU
		{14F6AF40-F495-4759-92E4-1CCB66E8F637}.Release|Any CPU.ActiveCfg = Release|Any CPU
		{14F6AF40-F495-4759-92E4-1CCB66E8F637}.Release|Any CPU.Build.0 = Release|Any CPU
		{25BB74EC-E2C3-42CD-AC22-26F7F153F5FC}.Debug|Any CPU.ActiveCfg = Debug|Any CPU
		{25BB74EC-E2C3-42CD-AC22-26F7F153F5FC}.Debug|Any CPU.Build.0 = Debug|Any CPU
		{25BB74EC-E2C3-42CD-AC22-26F7F153F5FC}.Release|Any CPU.ActiveCfg = Release|Any CPU
		{25BB74EC-E2C3-42CD-AC22-26F7F153F5FC}.Release|Any CPU.Build.0 = Release|Any CPU
		{DC2B2F79-9A28-4C2C-84B3-376D72B3DA39}.Debug|Any CPU.ActiveCfg = Debug|Any CPU
		{DC2B2F79-9A28-4C2C-84B3-376D72B3DA39}.Debug|Any CPU.Build.0 = Debug|Any CPU
		{DC2B2F79-9A28-4C2C-84B3-376D72B3DA39}.Release|Any CPU.ActiveCfg = Release|Any CPU
		{DC2B2F79-9A28-4C2C-84B3-376D72B3DA39}.Release|Any CPU.Build.0 = Release|Any CPU
	EndGlobalSection
EndGlobal
